{
    "_meta": {
        "hash": {
            "sha256": "1cfb13193dd236c367fd93346fed3f3fb3e96c9e39da5e60100b7fbd114bba3f"
        },
        "pipfile-spec": 6,
        "requires": {
            "python_version": "3.6"
        },
        "sources": [
            {
                "name": "pypi",
                "url": "https://pypi.org/simple",
                "verify_ssl": true
            }
        ]
    },
    "default": {
        "comtypes": {
            "hashes": [
                "sha256:3174c7fbd043d33dfbe65b7ce91b9fd755c65c5f40f15a7678d71d5e80cdb73b"
            ],
            "version": "==1.1.4"
        },
        "pywinauto": {
            "hashes": [
                "sha256:75fdfdea3f018c0efc9196cb184ecd14df8b35734889df9624610b8e74812807"
            ],
            "index": "pypi",
            "version": "==0.6.4"
        },
        "six": {
            "hashes": [
                "sha256:70e8a77beed4562e7f14fe23a786b54f6296e34344c23bc42f07b15018ff98e9",
                "sha256:832dc0e10feb1aa2c68dcc57dbb658f1c7e65b9b61af69048abc87a2db00a0eb"
            ],
            "version": "==1.11.0"
        }
    },
    "develop": {}
}
